
Microsoft Visual Studio Solution File, Format Version 12.00
# Visual Studio Version 16
VisualStudioVersion = 16.0.30011.22
MinimumVisualStudioVersion = 10.0.40219.1
Project("{9A19103F-16F7-4668-BE54-9A1E7A4F7556}") = "UnitTestProject1", "UnitTestProject1\UnitTestProject1.csproj", "{FB933CDF-D509-4443-A110-22B2F17518AB}"
EndProject
Project("{2150E333-8FDC-42A3-9474-1A3956D46DE8}") = "Solution Items", "Solution Items", "{9138830A-F601-4437-89CC-54E7CCA8D658}"
	ProjectSection(SolutionItems) = preProject
		article.md = article.md
		Readme.txt = Readme.txt
	EndProjectSection
EndProject
Project("{9A19103F-16F7-4668-BE54-9A1E7A4F7556}") = "Deployment", "Deployment\Deployment.csproj", "{42CC2776-34A2-415C-90CF-31F8707072ED}"
EndProject
Project("{9A19103F-16F7-4668-BE54-9A1E7A4F7556}") = "FunctionApp1", "FunctionApp1\FunctionApp1.csproj", "{D434EF00-758D-4210-810C-8C34474139FE}"
EndProject
Project("{9A19103F-16F7-4668-BE54-9A1E7A4F7556}") = "RedisBenchmark", "RedisBenchmark\RedisBenchmark.csproj", "{8CE08DE9-BB4B-4BB0-A760-CDB4851B68ED}"
EndProject
Global
	GlobalSection(SolutionConfigurationPlatforms) = preSolution
		Debug|Any CPU = Debug|Any CPU
		Release|Any CPU = Release|Any CPU
	EndGlobalSection
	GlobalSection(ProjectConfigurationPlatforms) = postSolution
		{FB933CDF-D509-4443-A110-22B2F17518AB}.Debug|Any CPU.ActiveCfg = Debug|Any CPU
		{FB933CDF-D509-4443-A110-22B2F17518AB}.Debug|Any CPU.Build.0 = Debug|Any CPU
		{FB933CDF-D509-4443-A110-22B2F17518AB}.Release|Any CPU.ActiveCfg = Release|Any CPU
		{FB933CDF-D509-4443-A110-22B2F17518AB}.Release|Any CPU.Build.0 = Release|Any CPU
		{42CC2776-34A2-415C-90CF-31F8707072ED}.Debug|Any CPU.ActiveCfg = Debug|Any CPU
		{42CC2776-34A2-415C-90CF-31F8707072ED}.Release|Any CPU.ActiveCfg = Release|Any CPU
		{42CC2776-34A2-415C-90CF-31F8707072ED}.Release|Any CPU.Build.0 = Release|Any CPU
		{D434EF00-758D-4210-810C-8C34474139FE}.Debug|Any CPU.ActiveCfg = Debug|Any CPU
		{D434EF00-758D-4210-810C-8C34474139FE}.Debug|Any CPU.Build.0 = Debug|Any CPU
		{D434EF00-758D-4210-810C-8C34474139FE}.Release|Any CPU.ActiveCfg = Release|Any CPU
		{D434EF00-758D-4210-810C-8C34474139FE}.Release|Any CPU.Build.0 = Release|Any CPU
		{8CE08DE9-BB4B-4BB0-A760-CDB4851B68ED}.Debug|Any CPU.ActiveCfg = Debug|Any CPU
		{8CE08DE9-BB4B-4BB0-A760-CDB4851B68ED}.Debug|Any CPU.Build.0 = Debug|Any CPU
		{8CE08DE9-BB4B-4BB0-A760-CDB4851B68ED}.Release|Any CPU.ActiveCfg = Release|Any CPU
		{8CE08DE9-BB4B-4BB0-A760-CDB4851B68ED}.Release|Any CPU.Build.0 = Release|Any CPU
	EndGlobalSection
	GlobalSection(SolutionProperties) = preSolution
		HideSolutionNode = FALSE
	EndGlobalSection
	GlobalSection(ExtensibilityGlobals) = postSolution
		SolutionGuid = {09D044AD-7951-4D1D-9BB0-AB3D6E92284E}
	EndGlobalSection
EndGlobal
